<?xml version="1.0" encoding="utf-8"?>
<Project ToolsVersion="4.0" xmlns="http://schemas.microsoft.com/developer/msbuild/2003">
  <ItemGroup>
    <ClCompile Include="src\lib\libkmc\rand.c">
      <Filter>src\lib\libkmc</Filter>
    </ClCompile>
    <ClCompile Include="src\lib\nusys-1\nuauprenmifuncset.c">
      <Filter>src\lib\nusys-1</Filter>
    </ClCompile>
    <ClCompile Include="src\lib\nusys-1\nuauprenmiproc.c">
      <Filter>src\lib\nusys-1</Filter>
    </ClCompile>
    <ClCompile Include="src\lib\nusys-1\nuaustlbankset.c">
      <Filter>src\lib\nusys-1</Filter>
    </ClCompile>
    <ClCompile Include="src\lib\nusys-1\nuaustlinit.c">
      <Filter>src\lib\nusys-1</Filter>
    </ClCompile>
    <ClCompile Include="src\lib\nusys-1\nuaustlplayerinit.c">
      <Filter>src\lib\nusys-1</Filter>
    </ClCompile>
    <ClCompile Include="src\lib\nusys-1\nuaustlseqplayerplay.c">
      <Filter>src\lib\nusys-1</Filter>
    </ClCompile>
    <ClCompile Include="src\lib\nusys-1\nuaustlsndplayerplay.c">
      <Filter>src\lib\nusys-1</Filter>
    </ClCompile>
    <ClCompile Include="src\lib\nusys-1\nuboot.c">
      <Filter>src\lib\nusys-1</Filter>
    </ClCompile>
    <ClCompile Include="src\lib\nusys-1\nucontdatagetex.c">
      <Filter>src\lib\nusys-1</Filter>
    </ClCompile>
    <ClCompile Include="src\lib\nusys-1\nucontdatagetexall.c">
      <Filter>src\lib\nusys-1</Filter>
    </ClCompile>
    <ClCompile Include="src\lib\nusys-1\nucontdatalock.c">
      <Filter>src\lib\nusys-1</Filter>
    </ClCompile>
    <ClCompile Include="src\lib\nusys-1\nucontpakrepairid.c">
      <Filter>src\lib\nusys-1</Filter>
    </ClCompile>
    <ClCompile Include="src\lib\nusys-1\nucontdatareadstart.c">
      <Filter>src\lib\nusys-1</Filter>
    </ClCompile>
    <ClCompile Include="src\lib\nusys-1\nucontdatareadwait.c">
      <Filter>src\lib\nusys-1</Filter>
    </ClCompile>
    <ClCompile Include="src\lib\nusys-1\nucontinit.c">
      <Filter>src\lib\nusys-1</Filter>
    </ClCompile>
    <ClCompile Include="src\lib\nusys-1\nucontmgr.c">
      <Filter>src\lib\nusys-1</Filter>
    </ClCompile>
    <ClCompile Include="src\lib\nusys-1\nucontpakcodeset.c">
      <Filter>src\lib\nusys-1</Filter>
    </ClCompile>
    <ClCompile Include="src\lib\nusys-1\nucontpakfiledelete.c">
      <Filter>src\lib\nusys-1</Filter>
    </ClCompile>
    <ClCompile Include="src\lib\nusys-1\nucontpakfiledeletejis.c">
      <Filter>src\lib\nusys-1</Filter>
    </ClCompile>
    <ClCompile Include="src\lib\nusys-1\nucontpakfilenum.c">
      <Filter>src\lib\nusys-1</Filter>
    </ClCompile>
    <ClCompile Include="src\lib\nusys-1\nucontpakfileopenjis.c">
      <Filter>src\lib\nusys-1</Filter>
    </ClCompile>
    <ClCompile Include="src\lib\nusys-1\nucontpakfilereadwrite.c">
      <Filter>src\lib\nusys-1</Filter>
    </ClCompile>
    <ClCompile Include="src\lib\nusys-1\nucontpakfilestate.c">
      <Filter>src\lib\nusys-1</Filter>
    </ClCompile>
    <ClCompile Include="src\lib\nusys-1\nucontpakgetfree.c">
      <Filter>src\lib\nusys-1</Filter>
    </ClCompile>
    <ClCompile Include="src\lib\nusys-1\nucontpakjiston64.c">
      <Filter>src\lib\nusys-1</Filter>
    </ClCompile>
    <ClCompile Include="src\lib\nusys-1\nucontpakmgr.c">
      <Filter>src\lib\nusys-1</Filter>
    </ClCompile>
    <ClCompile Include="src\lib\nusys-1\nucontpakopen.c">
      <Filter>src\lib\nusys-1</Filter>
    </ClCompile>
    <ClCompile Include="src\lib\nusys-1\nucontqueryread.c">
      <Filter>src\lib\nusys-1</Filter>
    </ClCompile>
    <ClCompile Include="src\lib\nusys-1\nucontrmbmgr.c">
      <Filter>src\lib\nusys-1</Filter>
    </ClCompile>
    <ClCompile Include="src\lib\nusys-1\nugfxdisplayoff.c">
      <Filter>src\lib\nusys-1</Filter>
    </ClCompile>
    <ClCompile Include="src\lib\nusys-1\nugfxdisplayon.c">
      <Filter>src\lib\nusys-1</Filter>
    </ClCompile>
    <ClCompile Include="src\lib\nusys-1\nugfxfuncset.c">
      <Filter>src\lib\nusys-1</Filter>
    </ClCompile>
    <ClCompile Include="src\lib\nusys-1\nugfxprenmifuncset.c">
      <Filter>src\lib\nusys-1</Filter>
    </ClCompile>
    <ClCompile Include="src\lib\nusys-1\nugfxretracewait.c">
      <Filter>src\lib\nusys-1</Filter>
    </ClCompile>
    <ClCompile Include="src\lib\nusys-1\nugfxsetcfb.c">
      <Filter>src\lib\nusys-1</Filter>
    </ClCompile>
    <ClCompile Include="src\lib\nusys-1\nugfxswapcfb.c">
      <Filter>src\lib\nusys-1</Filter>
    </ClCompile>
    <ClCompile Include="src\lib\nusys-1\nugfxswapcfbfuncset.c">
      <Filter>src\lib\nusys-1</Filter>
    </ClCompile>
    <ClCompile Include="src\lib\nusys-1\nugfxtaskallendwait.c">
      <Filter>src\lib\nusys-1</Filter>
    </ClCompile>
    <ClCompile Include="src\lib\nusys-1\nugfxtaskmgr.c">
      <Filter>src\lib\nusys-1</Filter>
    </ClCompile>
    <ClCompile Include="src\lib\nusys-1\nugfxthread.c">
      <Filter>src\lib\nusys-1</Filter>
    </ClCompile>
    <ClCompile Include="src\lib\nusys-1\nupakmenu.c">
      <Filter>src\lib\nusys-1</Filter>
    </ClCompile>
    <ClCompile Include="src\lib\nusys-1\nupakmenuloadfont.c">
      <Filter>src\lib\nusys-1</Filter>
    </ClCompile>
    <ClCompile Include="src\lib\nusys-1\nupiinit.c">
      <Filter>src\lib\nusys-1</Filter>
    </ClCompile>
    <ClCompile Include="src\lib\nusys-1\nupireadrom.c">
      <Filter>src\lib\nusys-1</Filter>
    </ClCompile>
    <ClCompile Include="src\lib\nusys-1\nusched.c">
      <Filter>src\lib\nusys-1</Filter>
    </ClCompile>
    <ClCompile Include="src\lib\nusys-1\nusicallbackadd.c">
      <Filter>src\lib\nusys-1</Filter>
    </ClCompile>
    <ClCompile Include="src\lib\nusys-1\nusicallbackremove.c">
      <Filter>src\lib\nusys-1</Filter>
    </ClCompile>
    <ClCompile Include="src\lib\nusys-1\nusimgr.c">
      <Filter>src\lib\nusys-1</Filter>
    </ClCompile>
    <ClCompile Include="src\lib\os\libultra\audio\auxbus.c">
      <Filter>src\lib\os\libultra\audio</Filter>
    </ClCompile>
    <ClCompile Include="src\lib\os\libultra\audio\copy.c">
      <Filter>src\lib\os\libultra\audio</Filter>
    </ClCompile>
    <ClCompile Include="src\lib\os\libultra\audio\drvrnew.c">
      <Filter>src\lib\os\libultra\audio</Filter>
    </ClCompile>
    <ClCompile Include="src\lib\os\libultra\audio\env.c">
      <Filter>src\lib\os\libultra\audio</Filter>
    </ClCompile>
    <ClCompile Include="src\lib\os\libultra\audio\filter.c">
      <Filter>src\lib\os\libultra\audio</Filter>
    </ClCompile>
    <ClCompile Include="src\lib\os\libultra\audio\heapalloc.c">
      <Filter>src\lib\os\libultra\audio</Filter>
    </ClCompile>
    <ClCompile Include="src\lib\os\libultra\audio\heapinit.c">
      <Filter>src\lib\os\libultra\audio</Filter>
    </ClCompile>
    <ClCompile Include="src\lib\os\libultra\audio\load.c">
      <Filter>src\lib\os\libultra\audio</Filter>
    </ClCompile>
    <ClCompile Include="src\lib\os\libultra\audio\mainbus.c">
      <Filter>src\lib\os\libultra\audio</Filter>
    </ClCompile>
    <ClCompile Include="src\lib\os\libultra\audio\resample.c">
      <Filter>src\lib\os\libultra\audio</Filter>
    </ClCompile>
    <ClCompile Include="src\lib\os\libultra\audio\reverb.c">
      <Filter>src\lib\os\libultra\audio</Filter>
    </ClCompile>
    <ClCompile Include="src\lib\os\libultra\audio\save.c">
      <Filter>src\lib\os\libultra\audio</Filter>
    </ClCompile>
    <ClCompile Include="src\lib\os\libultra\audio\sl.c">
      <Filter>src\lib\os\libultra\audio</Filter>
    </ClCompile>
    <ClCompile Include="src\lib\os\libultra\audio\synallocfx.c">
      <Filter>src\lib\os\libultra\audio</Filter>
    </ClCompile>
    <ClCompile Include="src\lib\os\libultra\audio\syndelete.c">
      <Filter>src\lib\os\libultra\audio</Filter>
    </ClCompile>
    <ClCompile Include="src\lib\os\libultra\audio\synthesizer.c">
      <Filter>src\lib\os\libultra\audio</Filter>
    </ClCompile>
    <ClCompile Include="src\lib\os\libultra\debug\assert.c">
      <Filter>src\lib\os\libultra\debug</Filter>
    </ClCompile>
    <ClCompile Include="src\lib\os\libultra\debug\kdebugserver.c">
      <Filter>src\lib\os\libultra\debug</Filter>
    </ClCompile>
    <ClCompile Include="src\lib\os\libultra\gu\lookat.c">
      <Filter>src\lib\os\libultra\gu</Filter>
    </ClCompile>
    <ClCompile Include="src\lib\os\libultra\gu\mtxutil.c">
      <Filter>src\lib\os\libultra\gu</Filter>
    </ClCompile>
    <ClCompile Include="src\lib\os\libultra\gu\ortho.c">
      <Filter>src\lib\os\libultra\gu</Filter>
    </ClCompile>
    <ClCompile Include="src\lib\os\libultra\gu\perspective.c">
      <Filter>src\lib\os\libultra\gu</Filter>
    </ClCompile>
    <ClCompile Include="src\lib\os\libultra\gu\scale.c">
      <Filter>src\lib\os\libultra\gu</Filter>
    </ClCompile>
    <ClCompile Include="src\lib\os\libultra\gu\sinf.c">
      <Filter>src\lib\os\libultra\gu</Filter>
    </ClCompile>
    <ClCompile Include="src\lib\os\libultra\gu\translate.c">
      <Filter>src\lib\os\libultra\gu</Filter>
    </ClCompile>
    <ClCompile Include="src\lib\os\libultra\host\readhost.c">
      <Filter>src\lib\os\libultra\host</Filter>
    </ClCompile>
    <ClCompile Include="src\lib\os\libultra\io\ai.c">
      <Filter>src\lib\os\libultra\io</Filter>
    </ClCompile>
    <ClCompile Include="src\lib\os\libultra\io\aigetlen.c">
      <Filter>src\lib\os\libultra\io</Filter>
    </ClCompile>
    <ClCompile Include="src\lib\os\libultra\io\aigetstat.c">
      <Filter>src\lib\os\libultra\io</Filter>
    </ClCompile>
    <ClCompile Include="src\lib\os\libultra\io\aisetfreq.c">
      <Filter>src\lib\os\libultra\io</Filter>
    </ClCompile>
    <ClCompile Include="src\lib\os\libultra\io\aisetnextbuf.c">
      <Filter>src\lib\os\libultra\io</Filter>
    </ClCompile>
    <ClCompile Include="src\lib\os\libultra\io\cartrominit.c">
      <Filter>src\lib\os\libultra\io</Filter>
    </ClCompile>
    <ClCompile Include="src\lib\os\libultra\io\contpfs.c">
      <Filter>src\lib\os\libultra\io</Filter>
    </ClCompile>
    <ClCompile Include="src\lib\os\libultra\io\contquery.c">
      <Filter>src\lib\os\libultra\io</Filter>
    </ClCompile>
    <ClCompile Include="src\lib\os\libultra\io\contramread.c">
      <Filter>src\lib\os\libultra\io</Filter>
    </ClCompile>
    <ClCompile Include="src\lib\os\libultra\io\contramwrite.c">
      <Filter>src\lib\os\libultra\io</Filter>
    </ClCompile>
    <ClCompile Include="src\lib\os\libultra\io\contreaddata.c">
      <Filter>src\lib\os\libultra\io</Filter>
    </ClCompile>
    <ClCompile Include="src\lib\os\libultra\io\controller.c">
      <Filter>src\lib\os\libultra\io</Filter>
    </ClCompile>
    <ClCompile Include="src\lib\os\libultra\io\crc.c">
      <Filter>src\lib\os\libultra\io</Filter>
    </ClCompile>
    <ClCompile Include="src\lib\os\libultra\io\devmgr.c">
      <Filter>src\lib\os\libultra\io</Filter>
    </ClCompile>
    <ClCompile Include="src\lib\os\libultra\io\epidma.c">
      <Filter>src\lib\os\libultra\io</Filter>
    </ClCompile>
    <ClCompile Include="src\lib\os\libultra\io\epilinkhandle.c">
      <Filter>src\lib\os\libultra\io</Filter>
    </ClCompile>
    <ClCompile Include="src\lib\os\libultra\io\epirawdma.c">
      <Filter>src\lib\os\libultra\io</Filter>
    </ClCompile>
    <ClCompile Include="src\lib\os\libultra\io\epirawread.c">
      <Filter>src\lib\os\libultra\io</Filter>
    </ClCompile>
    <ClCompile Include="src\lib\os\libultra\io\epirawwrite.c">
      <Filter>src\lib\os\libultra\io</Filter>
    </ClCompile>
    <ClCompile Include="src\lib\os\libultra\io\motor.c">
      <Filter>src\lib\os\libultra\io</Filter>
    </ClCompile>
    <ClCompile Include="src\lib\os\libultra\io\pfsallocatefile.c">
      <Filter>src\lib\os\libultra\io</Filter>
    </ClCompile>
    <ClCompile Include="src\lib\os\libultra\io\pfschecker.c">
      <Filter>src\lib\os\libultra\io</Filter>
    </ClCompile>
    <ClCompile Include="src\lib\os\libultra\io\pfsdeletefile.c">
      <Filter>src\lib\os\libultra\io</Filter>
    </ClCompile>
    <ClCompile Include="src\lib\os\libultra\io\pfsfilestate.c">
      <Filter>src\lib\os\libultra\io</Filter>
    </ClCompile>
    <ClCompile Include="src\lib\os\libultra\io\pfsfreeblocks.c">
      <Filter>src\lib\os\libultra\io</Filter>
    </ClCompile>
    <ClCompile Include="src\lib\os\libultra\io\pfsgetstatus.c">
      <Filter>src\lib\os\libultra\io</Filter>
    </ClCompile>
    <ClCompile Include="src\lib\os\libultra\io\pfsinitpak.c">
      <Filter>src\lib\os\libultra\io</Filter>
    </ClCompile>
    <ClCompile Include="src\lib\os\libultra\io\pfsisplug.c">
      <Filter>src\lib\os\libultra\io</Filter>
    </ClCompile>
    <ClCompile Include="src\lib\os\libultra\io\pfsnumfiles.c">
      <Filter>src\lib\os\libultra\io</Filter>
    </ClCompile>
    <ClCompile Include="src\lib\os\libultra\io\pfsreadwritefile.c">
      <Filter>src\lib\os\libultra\io</Filter>
    </ClCompile>
    <ClCompile Include="src\lib\os\libultra\io\pfsrepairid.c">
      <Filter>src\lib\os\libultra\io</Filter>
    </ClCompile>
    <ClCompile Include="src\lib\os\libultra\io\pfssearchfile.c">
      <Filter>src\lib\os\libultra\io</Filter>
    </ClCompile>
    <ClCompile Include="src\lib\os\libultra\io\pfsselectbank.c">
      <Filter>src\lib\os\libultra\io</Filter>
    </ClCompile>
    <ClCompile Include="src\lib\os\libultra\io\piacs.c">
      <Filter>src\lib\os\libultra\io</Filter>
    </ClCompile>
    <ClCompile Include="src\lib\os\libultra\io\pigetcmdq.c">
      <Filter>src\lib\os\libultra\io</Filter>
    </ClCompile>
    <ClCompile Include="src\lib\os\libultra\io\pimgr.c">
      <Filter>src\lib\os\libultra\io</Filter>
    </ClCompile>
    <ClCompile Include="src\lib\os\libultra\io\pirawdma.c">
      <Filter>src\lib\os\libultra\io</Filter>
    </ClCompile>
    <ClCompile Include="src\lib\os\libultra\io\si.c">
      <Filter>src\lib\os\libultra\io</Filter>
    </ClCompile>
    <ClCompile Include="src\lib\os\libultra\io\siacs.c">
      <Filter>src\lib\os\libultra\io</Filter>
    </ClCompile>
    <ClCompile Include="src\lib\os\libultra\io\sirawdma.c">
      <Filter>src\lib\os\libultra\io</Filter>
    </ClCompile>
    <ClCompile Include="src\lib\os\libultra\io\sirawread.c">
      <Filter>src\lib\os\libultra\io</Filter>
    </ClCompile>
    <ClCompile Include="src\lib\os\libultra\io\sirawwrite.c">
      <Filter>src\lib\os\libultra\io</Filter>
    </ClCompile>
    <ClCompile Include="src\lib\os\libultra\io\spgetstat.c">
      <Filter>src\lib\os\libultra\io</Filter>
    </ClCompile>
    <ClCompile Include="src\lib\os\libultra\io\sprawdma.c">
      <Filter>src\lib\os\libultra\io</Filter>
    </ClCompile>
    <ClCompile Include="src\lib\os\libultra\io\sprawread.c">
      <Filter>src\lib\os\libultra\io</Filter>
    </ClCompile>
    <ClCompile Include="src\lib\os\libultra\io\sprawwrite.c">
      <Filter>src\lib\os\libultra\io</Filter>
    </ClCompile>
    <ClCompile Include="src\lib\os\libultra\io\spsetpc.c">
      <Filter>src\lib\os\libultra\io</Filter>
    </ClCompile>
    <ClCompile Include="src\lib\os\libultra\io\spsetstat.c">
      <Filter>src\lib\os\libultra\io</Filter>
    </ClCompile>
    <ClCompile Include="src\lib\os\libultra\io\sptask.c">
      <Filter>src\lib\os\libultra\io</Filter>
    </ClCompile>
    <ClCompile Include="src\lib\os\libultra\io\sptaskyield.c">
      <Filter>src\lib\os\libultra\io</Filter>
    </ClCompile>
    <ClCompile Include="src\lib\os\libultra\io\sptaskyielded.c">
      <Filter>src\lib\os\libultra\io</Filter>
    </ClCompile>
    <ClCompile Include="src\lib\os\libultra\io\vi.c">
      <Filter>src\lib\os\libultra\io</Filter>
    </ClCompile>
    <ClCompile Include="src\lib\os\libultra\io\viblack.c">
      <Filter>src\lib\os\libultra\io</Filter>
    </ClCompile>
    <ClCompile Include="src\lib\os\libultra\io\vigetcurrcontext.c">
      <Filter>src\lib\os\libultra\io</Filter>
    </ClCompile>
    <ClCompile Include="src\lib\os\libultra\io\vigetcurrframebuf.c">
      <Filter>src\lib\os\libultra\io</Filter>
    </ClCompile>
    <ClCompile Include="src\lib\os\libultra\io\vigetnextframebuf.c">
      <Filter>src\lib\os\libultra\io</Filter>
    </ClCompile>
    <ClCompile Include="src\lib\os\libultra\io\vimgr.c">
      <Filter>src\lib\os\libultra\io</Filter>
    </ClCompile>
    <ClCompile Include="src\lib\os\libultra\io\visetevent.c">
      <Filter>src\lib\os\libultra\io</Filter>
    </ClCompile>
    <ClCompile Include="src\lib\os\libultra\io\visetmode.c">
      <Filter>src\lib\os\libultra\io</Filter>
    </ClCompile>
    <ClCompile Include="src\lib\os\libultra\io\visetspecial.c">
      <Filter>src\lib\os\libultra\io</Filter>
    </ClCompile>
    <ClCompile Include="src\lib\os\libultra\io\visetyscale.c">
      <Filter>src\lib\os\libultra\io</Filter>
    </ClCompile>
    <ClCompile Include="src\lib\os\libultra\io\viswapbuf.c">
      <Filter>src\lib\os\libultra\io</Filter>
    </ClCompile>
    <ClCompile Include="src\lib\os\libultra\io\viswapcontext.c">
      <Filter>src\lib\os\libultra\io</Filter>
    </ClCompile>
    <ClCompile Include="src\lib\os\libultra\libc\string.c">
      <Filter>src\lib\os\libultra\libc</Filter>
    </ClCompile>
    <ClCompile Include="src\lib\os\libultra\libc\xldtob.c">
      <Filter>src\lib\os\libultra\libc</Filter>
    </ClCompile>
    <ClCompile Include="src\lib\os\libultra\libc\xlitob.c">
      <Filter>src\lib\os\libultra\libc</Filter>
    </ClCompile>
    <ClCompile Include="src\lib\os\libultra\libnaudio\n_load.c">
      <Filter>src\lib\os\libultra\libnaudio</Filter>
    </ClCompile>
    <ClCompile Include="src\lib\os\libultra\libnaudio\n_mainbus.c">
      <Filter>src\lib\os\libultra\libnaudio</Filter>
    </ClCompile>
    <ClCompile Include="src\lib\os\libultra\libnaudio\n_save.c">
      <Filter>src\lib\os\libultra\libnaudio</Filter>
    </ClCompile>
    <ClCompile Include="src\lib\os\libultra\libnaudio\n_auxbus.c">
      <Filter>src\lib\os\libultra\libnaudio</Filter>
    </ClCompile>
    <ClCompile Include="src\lib\os\libultra\libnaudio\n_drvrNew.c">
      <Filter>src\lib\os\libultra\libnaudio</Filter>
    </ClCompile>
    <ClCompile Include="src\lib\os\libultra\libnaudio\n_env.c">
      <Filter>src\lib\os\libultra\libnaudio</Filter>
    </ClCompile>
    <ClCompile Include="src\lib\os\libultra\libnaudio\n_resample.c">
      <Filter>src\lib\os\libultra\libnaudio</Filter>
    </ClCompile>
    <ClCompile Include="src\lib\os\libultra\libnaudio\n_reverb.c">
      <Filter>src\lib\os\libultra\libnaudio</Filter>
    </ClCompile>
    <ClCompile Include="src\lib\os\libultra\libnaudio\n_sl.c">
      <Filter>src\lib\os\libultra\libnaudio</Filter>
    </ClCompile>
    <ClCompile Include="src\lib\os\libultra\libnaudio\n_synaddplayer.c">
      <Filter>src\lib\os\libultra\libnaudio</Filter>
    </ClCompile>
    <ClCompile Include="src\lib\os\libultra\libnaudio\n_synallocfx.c">
      <Filter>src\lib\os\libultra\libnaudio</Filter>
    </ClCompile>
    <ClCompile Include="src\lib\os\libultra\libnaudio\n_synallocvoice.c">
      <Filter>src\lib\os\libultra\libnaudio</Filter>
    </ClCompile>
    <ClCompile Include="src\lib\os\libultra\libnaudio\n_syndelete.c">
      <Filter>src\lib\os\libultra\libnaudio</Filter>
    </ClCompile>
    <ClCompile Include="src\lib\os\libultra\libnaudio\n_synsetfxmix.c">
      <Filter>src\lib\os\libultra\libnaudio</Filter>
    </ClCompile>
    <ClCompile Include="src\lib\os\libultra\libnaudio\n_synsetpan.c">
      <Filter>src\lib\os\libultra\libnaudio</Filter>
    </ClCompile>
    <ClCompile Include="src\lib\os\libultra\libnaudio\n_synsetpitch.c">
      <Filter>src\lib\os\libultra\libnaudio</Filter>
    </ClCompile>
    <ClCompile Include="src\lib\os\libultra\libnaudio\n_synsetvol.c">
      <Filter>src\lib\os\libultra\libnaudio</Filter>
    </ClCompile>
    <ClCompile Include="src\lib\os\libultra\libnaudio\n_synstartvoice.c">
      <Filter>src\lib\os\libultra\libnaudio</Filter>
    </ClCompile>
    <ClCompile Include="src\lib\os\libultra\libnaudio\n_synstopvoice.c">
      <Filter>src\lib\os\libultra\libnaudio</Filter>
    </ClCompile>
    <ClCompile Include="src\lib\os\libultra\libnaudio\n_synthesizer.c">
      <Filter>src\lib\os\libultra\libnaudio</Filter>
    </ClCompile>
    <ClCompile Include="src\lib\os\libultra\rmon\rmonbrk.c">
      <Filter>src\lib\os\libultra\rmon</Filter>
    </ClCompile>
    <ClCompile Include="src\lib\os\libultra\rmon\rmoncmds.c">
      <Filter>src\lib\os\libultra\rmon</Filter>
    </ClCompile>
    <ClCompile Include="src\lib\os\libultra\rmon\rmonmain.c">
      <Filter>src\lib\os\libultra\rmon</Filter>
    </ClCompile>
    <ClCompile Include="src\lib\os\libultra\rmon\rmonmem.c">
      <Filter>src\lib\os\libultra\rmon</Filter>
    </ClCompile>
    <ClCompile Include="src\lib\os\libultra\rmon\rmonmisc.c">
      <Filter>src\lib\os\libultra\rmon</Filter>
    </ClCompile>
    <ClCompile Include="src\lib\os\libultra\rmon\rmonrcp.c">
      <Filter>src\lib\os\libultra\rmon</Filter>
    </ClCompile>
    <ClCompile Include="src\lib\os\libultra\rmon\rmonregs.c">
      <Filter>src\lib\os\libultra\rmon</Filter>
    </ClCompile>
    <ClCompile Include="src\lib\os\libultra\rmon\rmonsio.c">
      <Filter>src\lib\os\libultra\rmon</Filter>
    </ClCompile>
    <ClCompile Include="src\lib\os\libultra\rmon\rmontask.c">
      <Filter>src\lib\os\libultra\rmon</Filter>
    </ClCompile>
    <ClCompile Include="src\lib\os\libultra\os\createmesgqueue.c">
      <Filter>src\lib\os\libultra\os</Filter>
    </ClCompile>
    <ClCompile Include="src\lib\os\libultra\os\createthread.c">
      <Filter>src\lib\os\libultra\os</Filter>
    </ClCompile>
    <ClCompile Include="src\lib\os\libultra\os\destroythread.c">
      <Filter>src\lib\os\libultra\os</Filter>
    </ClCompile>
    <ClCompile Include="src\lib\os\libultra\os\getactivequeue.c">
      <Filter>src\lib\os\libultra\os</Filter>
    </ClCompile>
    <ClCompile Include="src\lib\os\libultra\os\getthreadpri.c">
      <Filter>src\lib\os\libultra\os</Filter>
    </ClCompile>
    <ClCompile Include="src\lib\os\libultra\os\gettime.c">
      <Filter>src\lib\os\libultra\os</Filter>
    </ClCompile>
    <ClCompile Include="src\lib\os\libultra\os\initialize.c">
      <Filter>src\lib\os\libultra\os</Filter>
    </ClCompile>
    <ClCompile Include="src\lib\os\libultra\os\initrdb.c">
      <Filter>src\lib\os\libultra\os</Filter>
    </ClCompile>
    <ClCompile Include="src\lib\os\libultra\os\jammesg.c">
      <Filter>src\lib\os\libultra\os</Filter>
    </ClCompile>
    <ClCompile Include="src\lib\os\libultra\os\rdbsend.c">
      <Filter>src\lib\os\libultra\os</Filter>
    </ClCompile>
    <ClCompile Include="src\lib\os\libultra\os\recvmesg.c">
      <Filter>src\lib\os\libultra\os</Filter>
    </ClCompile>
    <ClCompile Include="src\lib\os\libultra\os\resetglobalintmask.c">
      <Filter>src\lib\os\libultra\os</Filter>
    </ClCompile>
    <ClCompile Include="src\lib\os\libultra\os\sendmesg.c">
      <Filter>src\lib\os\libultra\os</Filter>
    </ClCompile>
    <ClCompile Include="src\lib\os\libultra\os\seteventmesg.c">
      <Filter>src\lib\os\libultra\os</Filter>
    </ClCompile>
    <ClCompile Include="src\lib\os\libultra\os\setglobalintmask.c">
      <Filter>src\lib\os\libultra\os</Filter>
    </ClCompile>
    <ClCompile Include="src\lib\os\libultra\os\setthreadpri.c">
      <Filter>src\lib\os\libultra\os</Filter>
    </ClCompile>
    <ClCompile Include="src\lib\os\libultra\os\settimer.c">
      <Filter>src\lib\os\libultra\os</Filter>
    </ClCompile>
    <ClCompile Include="src\lib\os\libultra\os\startthread.c">
      <Filter>src\lib\os\libultra\os</Filter>
    </ClCompile>
    <ClCompile Include="src\lib\os\libultra\os\stopthread.c">
      <Filter>src\lib\os\libultra\os</Filter>
    </ClCompile>
    <ClCompile Include="src\lib\os\libultra\os\timerintr.c">
      <Filter>src\lib\os\libultra\os</Filter>
    </ClCompile>
    <ClCompile Include="src\lib\os\libultra\os\virtualtophysical.c">
      <Filter>src\lib\os\libultra\os</Filter>
    </ClCompile>
    <ClCompile Include="src\lib\os\libultra\os\yieldthread.c">
      <Filter>src\lib\os\libultra\os</Filter>
    </ClCompile>
    <ClCompile Include="src\overlays\gamePakBuffer.c">
      <Filter>src\overlays</Filter>
    </ClCompile>
    <ClCompile Include="src\overlays\sramBuffer.c">
      <Filter>src\overlays</Filter>
    </ClCompile>
    <ClCompile Include="src\game\system\animatedSprites.c">
      <Filter>src\game\system</Filter>
    </ClCompile>
    <ClCompile Include="src\game\system\audio.c">
      <Filter>src\game\system</Filter>
    </ClCompile>
    <ClCompile Include="src\game\system\controller.c">
      <Filter>src\game\system</Filter>
    </ClCompile>
    <ClCompile Include="src\game\system\cutscene.c">
      <Filter>src\game\system</Filter>
    </ClCompile>
    <ClCompile Include="src\game\system\dialogue.c">
      <Filter>src\game\system</Filter>
    </ClCompile>
    <ClCompile Include="src\game\system\flags.c">
      <Filter>src\game\system</Filter>
    </ClCompile>
    <ClCompile Include="src\game\system\globalSprites.c">
      <Filter>src\game\system</Filter>
    </ClCompile>
    <ClCompile Include="src\game\system\graphic.c">
      <Filter>src\game\system</Filter>
    </ClCompile>
    <ClCompile Include="src\game\system\map.c">
      <Filter>src\game\system</Filter>
    </ClCompile>
    <ClCompile Include="src\game\system\mapContext.c">
      <Filter>src\game\system</Filter>
    </ClCompile>
    <ClCompile Include="src\game\system\mathUtils.c">
      <Filter>src\game\system</Filter>
    </ClCompile>
    <ClCompile Include="src\game\system\memory.c">
      <Filter>src\game\system</Filter>
    </ClCompile>
    <ClCompile Include="src\game\system\message.c">
      <Filter>src\game\system</Filter>
    </ClCompile>
    <ClCompile Include="src\game\system\pauseScreen.c">
      <Filter>src\game\system</Filter>
    </ClCompile>
    <ClCompile Include="src\game\system\sprite.c">
      <Filter>src\game\system</Filter>
    </ClCompile>
    <ClCompile Include="src\game\system\spriteAddresses.c">
      <Filter>src\game\system</Filter>
    </ClCompile>
    <ClCompile Include="src\game\system\staticGfx.c">
      <Filter>src\game\system</Filter>
    </ClCompile>
    <ClCompile Include="src\game\system\volume.c">
      <Filter>src\game\system</Filter>
    </ClCompile>
    <ClCompile Include="src\game\system\worldGraphics.c">
      <Filter>src\game\system</Filter>
    </ClCompile>
    <ClCompile Include="tools\vs-wrapper.c">
      <Filter>tools</Filter>
    </ClCompile>
    <ClCompile Include="src\lib\os\libultra\libc\syncPrintf.c">
      <Filter>src\lib\os\libultra\libc</Filter>
    </ClCompile>
    <ClCompile Include="src\lib\os\libultra\gu\cosf.c">
      <Filter>src\lib\os\libultra\gu</Filter>
    </ClCompile>
    <ClCompile Include="src\lib\os\libultra\gu\rotaterpy.c">
      <Filter>src\lib\os\libultra\gu</Filter>
    </ClCompile>
    <ClCompile Include="src\lib\os\libultra\os\thread.c">
      <Filter>src\lib\os\libultra\os</Filter>
    </ClCompile>
    <ClCompile Include="src\lib\os\libultra\io\sp.c">
      <Filter>src\lib\os\libultra\io</Filter>
    </ClCompile>
    <ClCompile Include="src\lib\os\libultra\libc\ldiv.c">
      <Filter>src\lib\os\libultra\libc</Filter>
    </ClCompile>
    <ClCompile Include="src\lib\nusys-1\nuaustlmgr.c">
      <Filter>src\lib\nusys-1</Filter>
    </ClCompile>
    <ClCompile Include="src\lib\nusys-1\nuaustlseqplayersetdata.c">
      <Filter>src\lib\nusys-1</Filter>
    </ClCompile>
    <ClCompile Include="src\lib\libmus\player.c">
      <Filter>src\lib\libmus</Filter>
    </ClCompile>
    <ClCompile Include="src\lib\libmus\player_api.c">
      <Filter>src\lib\libmus</Filter>
    </ClCompile>
    <ClCompile Include="src\lib\libmus\player_commands.c">
      <Filter>src\lib\libmus</Filter>
    </ClCompile>
    <ClCompile Include="src\game\animals.c">
      <Filter>src\game</Filter>
    </ClCompile>
    <ClCompile Include="src\game\evaluation.c">
      <Filter>src\game</Filter>
    </ClCompile>
    <ClCompile Include="src\game\game.c">
      <Filter>src\game</Filter>
    </ClCompile>
    <ClCompile Include="src\game\gameAudio.c">
      <Filter>src\game</Filter>
    </ClCompile>
    <ClCompile Include="src\game\gameStart.c">
      <Filter>src\game</Filter>
    </ClCompile>
    <ClCompile Include="src\game\gameStatus.c">
      <Filter>src\game</Filter>
    </ClCompile>
    <ClCompile Include="src\game\initialize.c">
      <Filter>src\game</Filter>
    </ClCompile>
    <ClCompile Include="src\game\initialize2.c">
      <Filter>src\game</Filter>
    </ClCompile>
    <ClCompile Include="src\game\itemHandlers.c">
      <Filter>src\game</Filter>
    </ClCompile>
    <ClCompile Include="src\game\level.c">
      <Filter>src\game</Filter>
    </ClCompile>
    <ClCompile Include="src\game\levelInteractions.c">
      <Filter>src\game</Filter>
    </ClCompile>
    <ClCompile Include="src\game\load.c">
      <Filter>src\game</Filter>
    </ClCompile>
    <ClCompile Include="src\game\loadGameScreen.c">
      <Filter>src\game</Filter>
    </ClCompile>
    <ClCompile Include="src\game\mainLoop.c">
      <Filter>src\game</Filter>
    </ClCompile>
    <ClCompile Include="src\game\mainproc.c">
      <Filter>src\game</Filter>
    </ClCompile>
    <ClCompile Include="src\game\mapObjects.c">
      <Filter>src\game</Filter>
    </ClCompile>
    <ClCompile Include="src\game\namingScreen.c">
      <Filter>src\game</Filter>
    </ClCompile>
    <ClCompile Include="src\game\npc.c">
      <Filter>src\game</Filter>
    </ClCompile>
    <ClCompile Include="src\game\overlayScreens.c">
      <Filter>src\game</Filter>
    </ClCompile>
    <ClCompile Include="src\game\player.c">
      <Filter>src\game</Filter>
    </ClCompile>
    <ClCompile Include="src\game\setCutscenes.c">
      <Filter>src\game</Filter>
    </ClCompile>
    <ClCompile Include="src\game\shop.c">
      <Filter>src\game</Filter>
    </ClCompile>
    <ClCompile Include="src\game\title.c">
      <Filter>src\game</Filter>
    </ClCompile>
    <ClCompile Include="src\game\tv.c">
      <Filter>src\game</Filter>
    </ClCompile>
    <ClCompile Include="src\game\updateGame.c">
      <Filter>src\game</Filter>
    </ClCompile>
    <ClCompile Include="src\game\weather.c">
      <Filter>src\game</Filter>
    </ClCompile>
    <ClCompile Include="src\lib\os\libultra\libc\xprintf.c">
      <Filter>src\lib\os\libultra\libc</Filter>
    </ClCompile>
    <ClCompile Include="src\lib\os\libultra\io\vitbl.c">
      <Filter>src\lib\os\libultra\io</Filter>
    </ClCompile>
    <ClCompile Include="src\lib\os\libultra\vimodes\vimodempallan1.c">
      <Filter>src\lib\os\libultra\vimodes</Filter>
    </ClCompile>
    <ClCompile Include="src\lib\os\libultra\vimodes\vimodentsclan1.c">
      <Filter>src\lib\os\libultra\vimodes</Filter>
    </ClCompile>
    <ClCompile Include="src\lib\os\libultra\vimodes\vimodepallan1.c">
      <Filter>src\lib\os\libultra\vimodes</Filter>
    </ClCompile>
  </ItemGroup>
  <ItemGroup>
    <ClInclude Include="include\common.h">
      <Filter>include</Filter>
    </ClInclude>
    <ClInclude Include="include\include_asm.h">
      <Filter>include</Filter>
    </ClInclude>
    <ClInclude Include="include\macros.h">
      <Filter>include</Filter>
    </ClInclude>
    <ClInclude Include="include\structs.h">
      <Filter>include</Filter>
    </ClInclude>
    <ClInclude Include="include\ultra64.h">
      <Filter>include</Filter>
    </ClInclude>
    <ClInclude Include="include\gcc\stdlib.h">
      <Filter>include\gcc</Filter>
    </ClInclude>
    <ClInclude Include="include\libkmc\kmclib.h">
      <Filter>include\libkmc</Filter>
    </ClInclude>
    <ClInclude Include="include\libmus\libmus.h">
      <Filter>include\libmus</Filter>
    </ClInclude>
    <ClInclude Include="include\libmus\libmus_data.h">
      <Filter>include\libmus</Filter>
    </ClInclude>
    <ClInclude Include="include\PR\abi.h">
      <Filter>include\PR</Filter>
    </ClInclude>
    <ClInclude Include="include\PR\gbi.h">
      <Filter>include\PR</Filter>
    </ClInclude>
    <ClInclude Include="include\PR\gs2dex.h">
      <Filter>include\PR</Filter>
    </ClInclude>
    <ClInclude Include="include\PR\gt.h">
      <Filter>include\PR</Filter>
    </ClInclude>
    <ClInclude Include="include\PR\gu.h">
      <Filter>include\PR</Filter>
    </ClInclude>
    <ClInclude Include="include\PR\libaudio.h">
      <Filter>include\PR</Filter>
    </ClInclude>
    <ClInclude Include="include\PR\mbi.h">
      <Filter>include\PR</Filter>
    </ClInclude>
    <ClInclude Include="include\PR\os.h">
      <Filter>include\PR</Filter>
    </ClInclude>
    <ClInclude Include="include\PR\os_ai.h">
      <Filter>include\PR</Filter>
    </ClInclude>
    <ClInclude Include="include\PR\os_cache.h">
      <Filter>include\PR</Filter>
    </ClInclude>
    <ClInclude Include="include\PR\os_cont.h">
      <Filter>include\PR</Filter>
    </ClInclude>
    <ClInclude Include="include\PR\os_convert.h">
      <Filter>include\PR</Filter>
    </ClInclude>
    <ClInclude Include="include\PR\os_debug.h">
      <Filter>include\PR</Filter>
    </ClInclude>
    <ClInclude Include="include\PR\os_eeprom.h">
      <Filter>include\PR</Filter>
    </ClInclude>
    <ClInclude Include="include\PR\os_error.h">
      <Filter>include\PR</Filter>
    </ClInclude>
    <ClInclude Include="include\PR\os_exception.h">
      <Filter>include\PR</Filter>
    </ClInclude>
    <ClInclude Include="include\PR\os_flash.h">
      <Filter>include\PR</Filter>
    </ClInclude>
    <ClInclude Include="include\PR\os_gbpak.h">
      <Filter>include\PR</Filter>
    </ClInclude>
    <ClInclude Include="include\PR\os_gio.h">
      <Filter>include\PR</Filter>
    </ClInclude>
    <ClInclude Include="include\PR\os_host.h">
      <Filter>include\PR</Filter>
    </ClInclude>
    <ClInclude Include="include\PR\os_internal.h">
      <Filter>include\PR</Filter>
    </ClInclude>
    <ClInclude Include="include\PR\os_internal_debug.h">
      <Filter>include\PR</Filter>
    </ClInclude>
    <ClInclude Include="include\PR\os_internal_error.h">
      <Filter>include\PR</Filter>
    </ClInclude>
    <ClInclude Include="include\PR\os_internal_exception.h">
      <Filter>include\PR</Filter>
    </ClInclude>
    <ClInclude Include="include\PR\os_internal_flash.h">
      <Filter>include\PR</Filter>
    </ClInclude>
    <ClInclude Include="include\PR\os_internal_gio.h">
      <Filter>include\PR</Filter>
    </ClInclude>
    <ClInclude Include="include\PR\os_internal_host.h">
      <Filter>include\PR</Filter>
    </ClInclude>
    <ClInclude Include="include\PR\os_internal_reg.h">
      <Filter>include\PR</Filter>
    </ClInclude>
    <ClInclude Include="include\PR\os_internal_rsp.h">
      <Filter>include\PR</Filter>
    </ClInclude>
    <ClInclude Include="include\PR\os_internal_si.h">
      <Filter>include\PR</Filter>
    </ClInclude>
    <ClInclude Include="include\PR\os_internal_thread.h">
      <Filter>include\PR</Filter>
    </ClInclude>
    <ClInclude Include="include\PR\os_internal_tlb.h">
      <Filter>include\PR</Filter>
    </ClInclude>
    <ClInclude Include="include\PR\os_libc.h">
      <Filter>include\PR</Filter>
    </ClInclude>
    <ClInclude Include="include\PR\os_message.h">
      <Filter>include\PR</Filter>
    </ClInclude>
    <ClInclude Include="include\PR\os_motor.h">
      <Filter>include\PR</Filter>
    </ClInclude>
    <ClInclude Include="include\PR\os_pfs.h">
      <Filter>include\PR</Filter>
    </ClInclude>
    <ClInclude Include="include\PR\os_pi.h">
      <Filter>include\PR</Filter>
    </ClInclude>
    <ClInclude Include="include\PR\os_rdp.h">
      <Filter>include\PR</Filter>
    </ClInclude>
    <ClInclude Include="include\PR\os_reg.h">
      <Filter>include\PR</Filter>
    </ClInclude>
    <ClInclude Include="include\PR\os_rsp.h">
      <Filter>include\PR</Filter>
    </ClInclude>
    <ClInclude Include="include\PR\os_si.h">
      <Filter>include\PR</Filter>
    </ClInclude>
    <ClInclude Include="include\PR\os_system.h">
      <Filter>include\PR</Filter>
    </ClInclude>
    <ClInclude Include="include\PR\os_thread.h">
      <Filter>include\PR</Filter>
    </ClInclude>
    <ClInclude Include="include\PR\os_time.h">
      <Filter>include\PR</Filter>
    </ClInclude>
    <ClInclude Include="include\PR\os_tlb.h">
      <Filter>include\PR</Filter>
    </ClInclude>
    <ClInclude Include="include\PR\os_version.h">
      <Filter>include\PR</Filter>
    </ClInclude>
    <ClInclude Include="include\PR\os_vi.h">
      <Filter>include\PR</Filter>
    </ClInclude>
    <ClInclude Include="include\PR\os_voice.h">
      <Filter>include\PR</Filter>
    </ClInclude>
    <ClInclude Include="include\PR\R4300.h">
      <Filter>include\PR</Filter>
    </ClInclude>
    <ClInclude Include="include\PR\ramrom.h">
      <Filter>include\PR</Filter>
    </ClInclude>
    <ClInclude Include="include\PR\rcp.h">
      <Filter>include\PR</Filter>
    </ClInclude>
    <ClInclude Include="include\PR\rdb.h">
      <Filter>include\PR</Filter>
    </ClInclude>
    <ClInclude Include="include\PR\region.h">
      <Filter>include\PR</Filter>
    </ClInclude>
    <ClInclude Include="include\PR\rmon.h">
      <Filter>include\PR</Filter>
    </ClInclude>
    <ClInclude Include="include\PR\sched.h">
      <Filter>include\PR</Filter>
    </ClInclude>
    <ClInclude Include="include\PR\sptask.h">
      <Filter>include\PR</Filter>
    </ClInclude>
    <ClInclude Include="include\PR\synthInternals.h">
      <Filter>include\PR</Filter>
    </ClInclude>
    <ClInclude Include="include\PR\ucode.h">
      <Filter>include\PR</Filter>
    </ClInclude>
    <ClInclude Include="include\PR\ultraerror.h">
      <Filter>include\PR</Filter>
    </ClInclude>
    <ClInclude Include="include\PR\ultralog.h">
      <Filter>include\PR</Filter>
    </ClInclude>
    <ClInclude Include="include\PR\ultratypes.h">
      <Filter>include\PR</Filter>
    </ClInclude>
    <ClInclude Include="include\PRinternal\controller.h">
      <Filter>include\PRinternal</Filter>
    </ClInclude>
    <ClInclude Include="include\PRinternal\controller_gbpak.h">
      <Filter>include\PRinternal</Filter>
    </ClInclude>
    <ClInclude Include="include\PRinternal\controller_voice.h">
      <Filter>include\PRinternal</Filter>
    </ClInclude>
    <ClInclude Include="include\PRinternal\osint.h">
      <Filter>include\PRinternal</Filter>
    </ClInclude>
    <ClInclude Include="include\PRinternal\piint.h">
      <Filter>include\PRinternal</Filter>
    </ClInclude>
    <ClInclude Include="include\PRinternal\rmonint.h">
      <Filter>include\PRinternal</Filter>
    </ClInclude>
    <ClInclude Include="include\PRinternal\siint.h">
      <Filter>include\PRinternal</Filter>
    </ClInclude>
    <ClInclude Include="include\PRinternal\viint.h">
      <Filter>include\PRinternal</Filter>
    </ClInclude>
    <ClInclude Include="src\lib\os\libultra\gu\guint.h">
      <Filter>src\lib\os\libultra\gu</Filter>
    </ClInclude>
    <ClInclude Include="src\game\system\audio.h">
      <Filter>src\game\system</Filter>
    </ClInclude>
    <ClInclude Include="src\game\system\controller.h">
      <Filter>src\game\system</Filter>
    </ClInclude>
    <ClInclude Include="src\game\system\cutscene.h">
      <Filter>src\game\system</Filter>
    </ClInclude>
    <ClInclude Include="src\game\system\dialogue.h">
      <Filter>src\game\system</Filter>
    </ClInclude>
    <ClInclude Include="src\game\system\flags.h">
      <Filter>src\game\system</Filter>
    </ClInclude>
    <ClInclude Include="src\game\system\graphic.h">
      <Filter>src\game\system</Filter>
    </ClInclude>
    <ClInclude Include="src\game\system\map.h">
      <Filter>src\game\system</Filter>
    </ClInclude>
    <ClInclude Include="src\game\system\mapContext.h">
      <Filter>src\game\system</Filter>
    </ClInclude>
    <ClInclude Include="src\game\system\mathUtils.h">
      <Filter>src\game\system</Filter>
    </ClInclude>
    <ClInclude Include="src\game\system\memory.h">
      <Filter>src\game\system</Filter>
    </ClInclude>
    <ClInclude Include="src\game\system\message.h">
      <Filter>src\game\system</Filter>
    </ClInclude>
    <ClInclude Include="src\game\system\pauseScreen.h">
      <Filter>src\game\system</Filter>
    </ClInclude>
    <ClInclude Include="src\game\system\sprite.h">
      <Filter>src\game\system</Filter>
    </ClInclude>
    <ClInclude Include="src\game\system\volume.h">
      <Filter>src\game\system</Filter>
    </ClInclude>
    <ClInclude Include="src\game\system\worldGraphics.h">
      <Filter>src\game\system</Filter>
    </ClInclude>
    <ClInclude Include="include\assert.h">
      <Filter>include</Filter>
    </ClInclude>
    <ClInclude Include="include\PR\sp.h">
      <Filter>include\PR</Filter>
    </ClInclude>
    <ClInclude Include="include\gcc\string.h">
      <Filter>include\gcc</Filter>
    </ClInclude>
    <ClInclude Include="src\lib\os\libultra\libnaudio\n_abi.h">
      <Filter>src\lib\os\libultra\libnaudio</Filter>
    </ClInclude>
    <ClInclude Include="src\lib\os\libultra\libnaudio\n_synthInternals.h">
      <Filter>src\lib\os\libultra\libnaudio</Filter>
    </ClInclude>
    <ClInclude Include="include\gcc\stdio.h">
      <Filter>include\gcc</Filter>
    </ClInclude>
    <ClInclude Include="include\gcc\math.h">
      <Filter>include\gcc</Filter>
    </ClInclude>
    <ClInclude Include="src\lib\nusys-1\nupakmenu.h">
      <Filter>src\lib\nusys-1</Filter>
    </ClInclude>
    <ClInclude Include="src\lib\nusys-1\pakmenu.h">
      <Filter>src\lib\nusys-1</Filter>
    </ClInclude>
    <ClInclude Include="include\dbgproto.h">
      <Filter>include</Filter>
    </ClInclude>
    <ClInclude Include="include\dbgdefs.h">
      <Filter>include</Filter>
    </ClInclude>
    <ClInclude Include="src\lib\nusys-1\fontbmp.h">
      <Filter>src\lib\nusys-1</Filter>
    </ClInclude>
    <ClInclude Include="include\nusys\nusys.h">
      <Filter>include\nusys</Filter>
    </ClInclude>
    <ClInclude Include="include\nusys\nualstl.h">
      <Filter>include\nusys</Filter>
    </ClInclude>
    <ClInclude Include="include\gcc\stdarg.h">
      <Filter>include\gcc</Filter>
    </ClInclude>
    <ClInclude Include="src\lib\os\libultra\libc\xstdio.h">
      <Filter>src\lib\os\libultra\libc</Filter>
    </ClInclude>
    <ClInclude Include="src\lib\os\libultra\audio\initfx.h">
      <Filter>src\lib\os\libultra\audio</Filter>
    </ClInclude>
    <ClInclude Include="src\lib\libmus\player.h">
      <Filter>src\lib\libmus</Filter>
    </ClInclude>
    <ClInclude Include="src\game\animals.h">
      <Filter>src\game</Filter>
    </ClInclude>
    <ClInclude Include="src\game\evaluation.h">
      <Filter>src\game</Filter>
    </ClInclude>
    <ClInclude Include="src\game\game.h">
      <Filter>src\game</Filter>
    </ClInclude>
    <ClInclude Include="src\game\gameAudio.h">
      <Filter>src\game</Filter>
    </ClInclude>
    <ClInclude Include="src\game\gameStart.h">
      <Filter>src\game</Filter>
    </ClInclude>
    <ClInclude Include="src\game\gameStatus.h">
      <Filter>src\game</Filter>
    </ClInclude>
    <ClInclude Include="src\game\initialize.h">
      <Filter>src\game</Filter>
    </ClInclude>
    <ClInclude Include="src\game\initialize2.h">
      <Filter>src\game</Filter>
    </ClInclude>
    <ClInclude Include="src\game\itemHandlers.h">
      <Filter>src\game</Filter>
    </ClInclude>
    <ClInclude Include="src\game\level.h">
      <Filter>src\game</Filter>
    </ClInclude>
    <ClInclude Include="src\game\levelInteractions.h">
      <Filter>src\game</Filter>
    </ClInclude>
    <ClInclude Include="src\game\load.h">
      <Filter>src\game</Filter>
    </ClInclude>
    <ClInclude Include="src\game\loadGameScreen.h">
      <Filter>src\game</Filter>
    </ClInclude>
    <ClInclude Include="src\game\mainLoop.h">
      <Filter>src\game</Filter>
    </ClInclude>
    <ClInclude Include="src\game\mainproc.h">
      <Filter>src\game</Filter>
    </ClInclude>
    <ClInclude Include="src\game\mapObjects.h">
      <Filter>src\game</Filter>
    </ClInclude>
    <ClInclude Include="src\game\namingScreen.h">
      <Filter>src\game</Filter>
    </ClInclude>
    <ClInclude Include="src\game\npc.h">
      <Filter>src\game</Filter>
    </ClInclude>
    <ClInclude Include="src\game\overlayScreens.h">
      <Filter>src\game</Filter>
    </ClInclude>
    <ClInclude Include="src\game\player.h">
      <Filter>src\game</Filter>
    </ClInclude>
    <ClInclude Include="src\game\setCutscenes.h">
      <Filter>src\game</Filter>
    </ClInclude>
    <ClInclude Include="src\game\shop.h">
      <Filter>src\game</Filter>
    </ClInclude>
    <ClInclude Include="src\game\title.h">
      <Filter>src\game</Filter>
    </ClInclude>
    <ClInclude Include="src\game\tv.h">
      <Filter>src\game</Filter>
    </ClInclude>
    <ClInclude Include="src\game\updateGame.h">
      <Filter>src\game</Filter>
    </ClInclude>
    <ClInclude Include="src\game\weather.h">
      <Filter>src\game</Filter>
    </ClInclude>
    <ClInclude Include="src\game\spriteIndices.h">
      <Filter>src\game</Filter>
    </ClInclude>
    <ClInclude Include="src\lib\libmus\libmus_config.h">
      <Filter>src\lib\libmus</Filter>
    </ClInclude>
    <ClInclude Include="include\nusys\n_libaudio_sc.h">
      <Filter>include\nusys</Filter>
    </ClInclude>
    <ClInclude Include="include\nusys\n_libaudio_sn_sc.h">
      <Filter>include\nusys</Filter>
    </ClInclude>
  </ItemGroup>
  <ItemGroup>
    <None Include=".gitmodules" />
    <None Include="Makefile" />
    <None Include="permuter_settings.toml" />
    <None Include="include\macro.inc">
      <Filter>include</Filter>
    </None>
    <None Include="src\lib\os\libultra\gu\libm_vals.s">
      <Filter>src\lib\os\libultra\gu</Filter>
    </None>
    <None Include="src\lib\os\libultra\libc\bcmp.s">
      <Filter>src\lib\os\libultra\libc</Filter>
    </None>
    <None Include="tools\extract.py">
      <Filter>tools</Filter>
    </None>
    <None Include="tools\progress.py">
      <Filter>tools</Filter>
    </None>
    <None Include="tools\splat.yaml">
      <Filter>tools</Filter>
    </None>
    <None Include="tools\sprite_addresses.csv">
      <Filter>tools</Filter>
    </None>
    <None Include="tools\splat\create_config.py">
      <Filter>tools\splat</Filter>
    </None>
    <None Include="tools\splat\mypy.ini">
      <Filter>tools\splat</Filter>
    </None>
    <None Include="tools\splat\pyproject.toml">
      <Filter>tools\splat</Filter>
    </None>
    <None Include="tools\splat\test.py">
      <Filter>tools\splat</Filter>
    </None>
    <None Include="tools\splat\split.py">
      <Filter>tools\splat</Filter>
    </None>
    <None Include="tools\splat\src\splat\disassembler\__init__.py">
      <Filter>tools\splat\src\splat\disassembler</Filter>
    </None>
    <None Include="tools\splat\src\splat\disassembler\disassembler.py">
      <Filter>tools\splat\src\splat\disassembler</Filter>
    </None>
    <None Include="tools\splat\src\splat\disassembler\disassembler_instance.py">
      <Filter>tools\splat\src\splat\disassembler</Filter>
    </None>
    <None Include="tools\splat\src\splat\disassembler\disassembler_section.py">
      <Filter>tools\splat\src\splat\disassembler</Filter>
    </None>
    <None Include="tools\splat\src\splat\disassembler\null_disassembler.py">
      <Filter>tools\splat\src\splat\disassembler</Filter>
    </None>
    <None Include="tools\splat\src\splat\disassembler\spimdisasm_disassembler.py">
      <Filter>tools\splat\src\splat\disassembler</Filter>
    </None>
    <None Include="tools\splat\src\splat\platforms\__init__.py">
      <Filter>tools\splat\src\splat\platforms</Filter>
    </None>
    <None Include="tools\splat\src\splat\platforms\n64.py">
      <Filter>tools\splat\src\splat\platforms</Filter>
    </None>
    <None Include="tools\splat\src\splat\platforms\ps2.py">
      <Filter>tools\splat\src\splat\platforms</Filter>
    </None>
    <None Include="tools\splat\src\splat\platforms\psp.py">
      <Filter>tools\splat\src\splat\platforms</Filter>
    </None>
    <None Include="tools\splat\src\splat\platforms\psx.py">
      <Filter>tools\splat\src\splat\platforms</Filter>
    </None>
    <None Include="tools\splat\src\splat\scripts\__init__.py">
      <Filter>tools\splat\src\splat\scripts</Filter>
    </None>
    <None Include="tools\splat\src\splat\scripts\capy.py">
      <Filter>tools\splat\src\splat\scripts</Filter>
    </None>
    <None Include="tools\splat\src\splat\scripts\create_config.py">
      <Filter>tools\splat\src\splat\scripts</Filter>
    </None>
    <None Include="tools\splat\src\splat\scripts\split.py">
      <Filter>tools\splat\src\splat\scripts</Filter>
    </None>
    <None Include="tools\splat\src\splat\segtypes\__init__.py">
      <Filter>tools\splat\src\splat\segtypes</Filter>
    </None>
    <None Include="tools\splat\src\splat\segtypes\linker_entry.py">
      <Filter>tools\splat\src\splat\segtypes</Filter>
    </None>
    <None Include="tools\splat\src\splat\segtypes\segment.py">
      <Filter>tools\splat\src\splat\segtypes</Filter>
    </None>
    <None Include="tools\splat\src\splat\segtypes\common\__init__.py">
      <Filter>tools\splat\src\splat\segtypes\common</Filter>
    </None>
    <None Include="tools\splat\src\splat\segtypes\common\asm.py">
      <Filter>tools\splat\src\splat\segtypes\common</Filter>
    </None>
    <None Include="tools\splat\src\splat\segtypes\common\bin.py">
      <Filter>tools\splat\src\splat\segtypes\common</Filter>
    </None>
    <None Include="tools\splat\src\splat\segtypes\common\bss.py">
      <Filter>tools\splat\src\splat\segtypes\common</Filter>
    </None>
    <None Include="tools\splat\src\splat\segtypes\common\c.py">
      <Filter>tools\splat\src\splat\segtypes\common</Filter>
    </None>
    <None Include="tools\splat\src\splat\segtypes\common\code.py">
      <Filter>tools\splat\src\splat\segtypes\common</Filter>
    </None>
    <None Include="tools\splat\src\splat\segtypes\common\codesubsegment.py">
      <Filter>tools\splat\src\splat\segtypes\common</Filter>
    </None>
    <None Include="tools\splat\src\splat\segtypes\common\cpp.py">
      <Filter>tools\splat\src\splat\segtypes\common</Filter>
    </None>
    <None Include="tools\splat\src\splat\segtypes\common\data.py">
      <Filter>tools\splat\src\splat\segtypes\common</Filter>
    </None>
    <None Include="tools\splat\src\splat\segtypes\common\databin.py">
      <Filter>tools\splat\src\splat\segtypes\common</Filter>
    </None>
    <None Include="tools\splat\src\splat\segtypes\common\group.py">
      <Filter>tools\splat\src\splat\segtypes\common</Filter>
    </None>
    <None Include="tools\splat\src\splat\segtypes\common\hasm.py">
      <Filter>tools\splat\src\splat\segtypes\common</Filter>
    </None>
    <None Include="tools\splat\src\splat\segtypes\common\header.py">
      <Filter>tools\splat\src\splat\segtypes\common</Filter>
    </None>
    <None Include="tools\splat\src\splat\segtypes\common\lib.py">
      <Filter>tools\splat\src\splat\segtypes\common</Filter>
    </None>
    <None Include="tools\splat\src\splat\segtypes\common\pad.py">
      <Filter>tools\splat\src\splat\segtypes\common</Filter>
    </None>
    <None Include="tools\splat\src\splat\segtypes\common\rdata.py">
      <Filter>tools\splat\src\splat\segtypes\common</Filter>
    </None>
    <None Include="tools\splat\src\splat\segtypes\common\rodata.py">
      <Filter>tools\splat\src\splat\segtypes\common</Filter>
    </None>
    <None Include="tools\splat\src\splat\segtypes\common\rodatabin.py">
      <Filter>tools\splat\src\splat\segtypes\common</Filter>
    </None>
    <None Include="tools\splat\src\splat\segtypes\common\sbss.py">
      <Filter>tools\splat\src\splat\segtypes\common</Filter>
    </None>
    <None Include="tools\splat\src\splat\segtypes\common\sdata.py">
      <Filter>tools\splat\src\splat\segtypes\common</Filter>
    </None>
    <None Include="tools\splat\src\splat\segtypes\common\segment.py">
      <Filter>tools\splat\src\splat\segtypes\common</Filter>
    </None>
    <None Include="tools\splat\src\splat\segtypes\common\textbin.py">
      <Filter>tools\splat\src\splat\segtypes\common</Filter>
    </None>
    <None Include="tools\splat\src\splat\segtypes\n64\__init__.py">
      <Filter>tools\splat\src\splat\segtypes\n64</Filter>
    </None>
    <None Include="tools\splat\src\splat\segtypes\n64\asm.py">
      <Filter>tools\splat\src\splat\segtypes\n64</Filter>
    </None>
    <None Include="tools\splat\src\splat\segtypes\n64\ci.py">
      <Filter>tools\splat\src\splat\segtypes\n64</Filter>
    </None>
    <None Include="tools\splat\src\splat\segtypes\n64\ci4.py">
      <Filter>tools\splat\src\splat\segtypes\n64</Filter>
    </None>
    <None Include="tools\splat\src\splat\segtypes\n64\ci8.py">
      <Filter>tools\splat\src\splat\segtypes\n64</Filter>
    </None>
    <None Include="tools\splat\src\splat\segtypes\n64\decompressor.py">
      <Filter>tools\splat\src\splat\segtypes\n64</Filter>
    </None>
    <None Include="tools\splat\src\splat\segtypes\n64\gfx.py">
      <Filter>tools\splat\src\splat\segtypes\n64</Filter>
    </None>
    <None Include="tools\splat\src\splat\segtypes\n64\hasm.py">
      <Filter>tools\splat\src\splat\segtypes\n64</Filter>
    </None>
    <None Include="tools\splat\src\splat\segtypes\n64\header.py">
      <Filter>tools\splat\src\splat\segtypes\n64</Filter>
    </None>
    <None Include="tools\splat\src\splat\segtypes\n64\i1.py">
      <Filter>tools\splat\src\splat\segtypes\n64</Filter>
    </None>
    <None Include="tools\splat\src\splat\segtypes\n64\i4.py">
      <Filter>tools\splat\src\splat\segtypes\n64</Filter>
    </None>
    <None Include="tools\splat\src\splat\segtypes\n64\i8.py">
      <Filter>tools\splat\src\splat\segtypes\n64</Filter>
    </None>
    <None Include="tools\splat\src\splat\segtypes\n64\ia4.py">
      <Filter>tools\splat\src\splat\segtypes\n64</Filter>
    </None>
    <None Include="tools\splat\src\splat\segtypes\n64\ia8.py">
      <Filter>tools\splat\src\splat\segtypes\n64</Filter>
    </None>
    <None Include="tools\splat\src\splat\segtypes\n64\ia16.py">
      <Filter>tools\splat\src\splat\segtypes\n64</Filter>
    </None>
    <None Include="tools\splat\src\splat\segtypes\n64\img.py">
      <Filter>tools\splat\src\splat\segtypes\n64</Filter>
    </None>
    <None Include="tools\splat\src\splat\segtypes\n64\ipl3.py">
      <Filter>tools\splat\src\splat\segtypes\n64</Filter>
    </None>
    <None Include="tools\splat\src\splat\segtypes\n64\mio0.py">
      <Filter>tools\splat\src\splat\segtypes\n64</Filter>
    </None>
    <None Include="tools\splat\src\splat\segtypes\n64\palette.py">
      <Filter>tools\splat\src\splat\segtypes\n64</Filter>
    </None>
    <None Include="tools\splat\src\splat\segtypes\n64\rgba16.py">
      <Filter>tools\splat\src\splat\segtypes\n64</Filter>
    </None>
    <None Include="tools\splat\src\splat\segtypes\n64\rgba32.py">
      <Filter>tools\splat\src\splat\segtypes\n64</Filter>
    </None>
    <None Include="tools\splat\src\splat\segtypes\n64\rsp.py">
      <Filter>tools\splat\src\splat\segtypes\n64</Filter>
    </None>
    <None Include="tools\splat\src\splat\segtypes\n64\vtx.py">
      <Filter>tools\splat\src\splat\segtypes\n64</Filter>
    </None>
    <None Include="tools\splat\src\splat\segtypes\n64\yay0.py">
      <Filter>tools\splat\src\splat\segtypes\n64</Filter>
    </None>
    <None Include="tools\splat\src\splat\segtypes\psx\asm.py">
      <Filter>tools\splat\src\splat\segtypes\psx</Filter>
    </None>
    <None Include="tools\splat\src\splat\segtypes\psx\header.py">
      <Filter>tools\splat\src\splat\segtypes\psx</Filter>
    </None>
    <None Include="tools\splat\src\splat\segtypes\psx\__init__.py">
      <Filter>tools\splat\src\splat\segtypes\psx</Filter>
    </None>
    <None Include="tools\splat\src\splat\segtypes\psp\__init__.py">
      <Filter>tools\splat\src\splat\segtypes\psp</Filter>
    </None>
    <None Include="tools\splat\src\splat\segtypes\ps2\__init__.py">
      <Filter>tools\splat\src\splat\segtypes\ps2</Filter>
    </None>
    <None Include="tools\splat\src\splat\util\__init__.py">
      <Filter>tools\splat\src\splat\util</Filter>
    </None>
    <None Include="tools\splat\src\splat\segtypes\ps2\asm.py">
      <Filter>tools\splat\src\splat\segtypes\ps2</Filter>
    </None>
    <None Include="tools\splat\src\splat\segtypes\ps2\ctor.py">
      <Filter>tools\splat\src\splat\segtypes\ps2</Filter>
    </None>
    <None Include="tools\splat\src\splat\segtypes\ps2\lit4.py">
      <Filter>tools\splat\src\splat\segtypes\ps2</Filter>
    </None>
    <None Include="tools\splat\src\splat\segtypes\ps2\lit8.py">
      <Filter>tools\splat\src\splat\segtypes\ps2</Filter>
    </None>
    <None Include="tools\splat\src\splat\segtypes\ps2\vtables.py">
      <Filter>tools\splat\src\splat\segtypes\ps2</Filter>
    </None>
    <None Include="tools\splat\src\splat\util\n64\__init__.py">
      <Filter>tools\splat\src\splat\util\n64</Filter>
    </None>
    <None Include="tools\splat\src\splat\util\psx\__init__.py">
      <Filter>tools\splat\src\splat\util\psx</Filter>
    </None>
    <None Include="tools\splat\src\splat\util\cache_handler.py">
      <Filter>tools\splat\src\splat\util</Filter>
    </None>
    <None Include="tools\splat\src\splat\util\color.py">
      <Filter>tools\splat\src\splat\util</Filter>
    </None>
    <None Include="tools\splat\src\splat\util\compiler.py">
      <Filter>tools\splat\src\splat\util</Filter>
    </None>
    <None Include="tools\splat\src\splat\util\log.py">
      <Filter>tools\splat\src\splat\util</Filter>
    </None>
    <None Include="tools\splat\src\splat\util\options.py">
      <Filter>tools\splat\src\splat\util</Filter>
    </None>
    <None Include="tools\splat\src\splat\util\palettes.py">
      <Filter>tools\splat\src\splat\util</Filter>
    </None>
    <None Include="tools\splat\src\splat\util\progress_bar.py">
      <Filter>tools\splat\src\splat\util</Filter>
    </None>
    <None Include="tools\splat\src\splat\util\relocs.py">
      <Filter>tools\splat\src\splat\util</Filter>
    </None>
    <None Include="tools\splat\src\splat\util\statistics.py">
      <Filter>tools\splat\src\splat\util</Filter>
    </None>
    <None Include="tools\splat\src\splat\util\symbols.py">
      <Filter>tools\splat\src\splat\util</Filter>
    </None>
    <None Include="tools\splat\src\splat\util\vram_classes.py">
      <Filter>tools\splat\src\splat\util</Filter>
    </None>
    <None Include="tools\splat\src\splat\util\n64\find_code_length.py">
      <Filter>tools\splat\src\splat\util\n64</Filter>
    </None>
    <None Include="tools\splat\src\splat\util\n64\rominfo.py">
      <Filter>tools\splat\src\splat\util\n64</Filter>
    </None>
    <None Include="tools\splat\src\splat\util\psx\psxexeinfo.py">
      <Filter>tools\splat\src\splat\util\psx</Filter>
    </None>
    <None Include="src\lib\os\libultra\libc\bcopy.s">
      <Filter>src\lib\os\libultra\libc</Filter>
    </None>
    <None Include="src\lib\os\libultra\libc\bzero.s">
      <Filter>src\lib\os\libultra\libc</Filter>
    </None>
    <None Include="tools\splat\src\splat\__init__.py">
      <Filter>tools\splat\src\splat</Filter>
    </None>
    <None Include="tools\splat\src\splat\__main__.py">
      <Filter>tools\splat\src\splat</Filter>
    </None>
    <None Include="tools\splat\src\splat\segtypes\common\eh_frame.py">
      <Filter>tools\splat\src\splat\segtypes\common</Filter>
    </None>
    <None Include="tools\splat\src\splat\util\utils.py">
      <Filter>tools\splat\src\splat\util</Filter>
    </None>
    <None Include="tools\splat\src\splat\segtypes\common\gcc_except_table.py">
      <Filter>tools\splat\src\splat\segtypes\common</Filter>
    </None>
    <None Include="tools\splat\src\splat\segtypes\common\linker_offset.py">
      <Filter>tools\splat\src\splat\segtypes\common</Filter>
    </None>
  </ItemGroup>
  <ItemGroup>
    <Text Include="symbol_addrs.txt" />
    <Text Include="undefined_funcs.txt" />
    <Text Include="undefined_syms.txt" />
    <Text Include="tools\requirements.txt">
      <Filter>tools</Filter>
    </Text>
    <Text Include="tools\splat\requirements.txt">
      <Filter>tools\splat</Filter>
    </Text>
  </ItemGroup>
  <ItemGroup>
    <Filter Include="include">
      <UniqueIdentifier>{b3efbcd6-fc1b-4a8e-ae6c-95b36dfd3cac}</UniqueIdentifier>
    </Filter>
    <Filter Include="src">
      <UniqueIdentifier>{e910e7f4-7f94-4f72-a689-15baa7157d89}</UniqueIdentifier>
    </Filter>
    <Filter Include="tools">
      <UniqueIdentifier>{0acf199f-5841-42bf-95b0-c0b1ff78ade1}</UniqueIdentifier>
    </Filter>
    <Filter Include="include\gcc">
      <UniqueIdentifier>{6e38ecf8-b47e-4089-b5f2-9e5dbffc758f}</UniqueIdentifier>
    </Filter>
    <Filter Include="include\libkmc">
      <UniqueIdentifier>{d7af6562-8c68-4944-a971-5ba184315099}</UniqueIdentifier>
    </Filter>
    <Filter Include="include\libmus">
      <UniqueIdentifier>{e1f52f55-9073-404b-9ff8-dd77634baa49}</UniqueIdentifier>
    </Filter>
    <Filter Include="include\PR">
      <UniqueIdentifier>{8e085833-c415-41b0-97ec-aff9e8937a02}</UniqueIdentifier>
    </Filter>
    <Filter Include="include\PRinternal">
      <UniqueIdentifier>{3742b446-751c-47a1-a7c9-1b6c0c4ea4f3}</UniqueIdentifier>
    </Filter>
    <Filter Include="src\lib">
      <UniqueIdentifier>{1860cf68-7b99-47e0-ac58-11609fb92ecf}</UniqueIdentifier>
    </Filter>
    <Filter Include="src\lib\libkmc">
      <UniqueIdentifier>{3d71dd38-c04c-4b0b-8969-1d578d0e5dab}</UniqueIdentifier>
    </Filter>
    <Filter Include="src\lib\libmus">
      <UniqueIdentifier>{aa7dac06-e6e3-4b46-b307-c60e5a7bb55a}</UniqueIdentifier>
    </Filter>
    <Filter Include="src\lib\nusys-1">
      <UniqueIdentifier>{d32669a5-3fe9-4f87-879e-1c85f14dffb8}</UniqueIdentifier>
    </Filter>
    <Filter Include="src\lib\os">
      <UniqueIdentifier>{e8c28fae-c4bc-4ff6-916b-a2b365c3fd28}</UniqueIdentifier>
    </Filter>
    <Filter Include="src\lib\os\libultra">
      <UniqueIdentifier>{6ac7ca7a-dc56-438a-8496-bcdb84762a7d}</UniqueIdentifier>
    </Filter>
    <Filter Include="src\lib\os\libultra\audio">
      <UniqueIdentifier>{f94197f1-257d-4371-8c57-d279ed8325c9}</UniqueIdentifier>
    </Filter>
    <Filter Include="src\lib\os\libultra\debug">
      <UniqueIdentifier>{edc62518-94fd-4e7a-9074-8ead02422b75}</UniqueIdentifier>
    </Filter>
    <Filter Include="src\lib\os\libultra\gu">
      <UniqueIdentifier>{c56e9fc0-bfdb-4f72-95d8-ab0bb1fbb1a2}</UniqueIdentifier>
    </Filter>
    <Filter Include="src\lib\os\libultra\host">
      <UniqueIdentifier>{b87f2d23-cb6e-4711-b100-0d1bb16bea24}</UniqueIdentifier>
    </Filter>
    <Filter Include="src\lib\os\libultra\io">
      <UniqueIdentifier>{c8bb7a2b-2433-42f5-849b-3ac93d1d89e0}</UniqueIdentifier>
    </Filter>
    <Filter Include="src\lib\os\libultra\libc">
      <UniqueIdentifier>{b06381c5-9868-4f30-b2e0-509719ae76b6}</UniqueIdentifier>
    </Filter>
    <Filter Include="src\lib\os\libultra\libnaudio">
      <UniqueIdentifier>{06b54e87-2d62-48ed-8863-c5469fc9581f}</UniqueIdentifier>
    </Filter>
    <Filter Include="src\lib\os\libultra\os">
      <UniqueIdentifier>{f10ad45c-8eba-42b4-89ef-3ce472394a41}</UniqueIdentifier>
    </Filter>
    <Filter Include="src\lib\os\libultra\rmon">
      <UniqueIdentifier>{10db42c8-9aec-40d8-99d0-f9710c5b6d64}</UniqueIdentifier>
    </Filter>
    <Filter Include="src\overlays">
      <UniqueIdentifier>{227491f5-7c09-427a-8b44-55a82dfe7056}</UniqueIdentifier>
    </Filter>
    <Filter Include="tools\splat">
      <UniqueIdentifier>{4a8e15ce-55db-4665-9f95-f70dd5c549d1}</UniqueIdentifier>
    </Filter>
    <Filter Include="tools\splat\src">
      <UniqueIdentifier>{4c02856f-f00b-44a4-8cfd-b4f19199a5df}</UniqueIdentifier>
    </Filter>
    <Filter Include="tools\splat\src\splat">
      <UniqueIdentifier>{32944e38-70ee-416a-a76e-322f23f9c19a}</UniqueIdentifier>
    </Filter>
    <Filter Include="tools\splat\src\splat\disassembler">
      <UniqueIdentifier>{178b5a97-9037-4dc5-91e4-b4ce49f24d4a}</UniqueIdentifier>
    </Filter>
    <Filter Include="tools\splat\src\splat\platforms">
      <UniqueIdentifier>{6060b941-776c-4b3d-a2ba-533312290912}</UniqueIdentifier>
    </Filter>
    <Filter Include="tools\splat\src\splat\scripts">
      <UniqueIdentifier>{7de50f7c-a23a-4f25-a39d-f6f5c30023da}</UniqueIdentifier>
    </Filter>
    <Filter Include="tools\splat\src\splat\segtypes">
      <UniqueIdentifier>{14790108-c899-4162-9618-f679ce7fc63f}</UniqueIdentifier>
    </Filter>
    <Filter Include="tools\splat\src\splat\util">
      <UniqueIdentifier>{b348729d-ab32-4905-bcb1-e3c224f5e485}</UniqueIdentifier>
    </Filter>
    <Filter Include="tools\splat\src\splat\segtypes\common">
      <UniqueIdentifier>{f1b997f9-a8c6-4c1c-801a-cc6f49b0e407}</UniqueIdentifier>
    </Filter>
    <Filter Include="tools\splat\src\splat\segtypes\n64">
      <UniqueIdentifier>{fd9e1668-2dd0-46d6-9739-2b12814f1cd9}</UniqueIdentifier>
    </Filter>
    <Filter Include="tools\splat\src\splat\segtypes\ps2">
      <UniqueIdentifier>{bc5a7d86-2f83-423c-be11-f3bbca1f70bd}</UniqueIdentifier>
    </Filter>
    <Filter Include="tools\splat\src\splat\segtypes\psp">
      <UniqueIdentifier>{818ffd0f-6b68-4bf5-a999-2b3eccc75f37}</UniqueIdentifier>
    </Filter>
    <Filter Include="tools\splat\src\splat\segtypes\psx">
      <UniqueIdentifier>{c867105c-c30e-4d37-ba54-6c89706814ed}</UniqueIdentifier>
    </Filter>
    <Filter Include="tools\splat\src\splat\util\n64">
      <UniqueIdentifier>{536e4164-09d0-490d-8211-41fa84c859a6}</UniqueIdentifier>
    </Filter>
    <Filter Include="tools\splat\src\splat\util\psx">
      <UniqueIdentifier>{bc2ea5c9-ec0c-4d84-8bbd-066991ec1ae3}</UniqueIdentifier>
    </Filter>
    <Filter Include="include\nusys">
      <UniqueIdentifier>{1b65c30e-1f9a-4749-8a80-e0ef2e1c5528}</UniqueIdentifier>
    </Filter>
    <Filter Include="src\game">
      <UniqueIdentifier>{a1e0600c-d279-48ad-a020-20ccc7a3f04f}</UniqueIdentifier>
    </Filter>
    <Filter Include="src\game\system">
      <UniqueIdentifier>{562a4281-4723-41bf-8d22-019a0fc4c788}</UniqueIdentifier>
    </Filter>
    <Filter Include="src\lib\os\libultra\vimodes">
      <UniqueIdentifier>{7f88ba29-c892-419d-ad46-6ac2117fb191}</UniqueIdentifier>
    </Filter>
  </ItemGroup>
</Project>